// !$*UTF8*$!
{
	archiveVersion = 1;
	classes = {
	};
	objectVersion = 55;
	objects = {

/* Begin PBXBuildFile section */
		97DE5E4C28C26E12008AA464 /* AppDelegate.swift in Sources */ = {isa = PBXBuildFile; fileRef = 97DE5E4B28C26E12008AA464 /* AppDelegate.swift */; };
		97DE5E4E28C26E12008AA464 /* SceneDelegate.swift in Sources */ = {isa = PBXBuildFile; fileRef = 97DE5E4D28C26E12008AA464 /* SceneDelegate.swift */; };
		97DE5E5328C26E12008AA464 /* Main.storyboard in Resources */ = {isa = PBXBuildFile; fileRef = 97DE5E5128C26E12008AA464 /* Main.storyboard */; };
		97DE5E5528C26E14008AA464 /* Assets.xcassets in Resources */ = {isa = PBXBuildFile; fileRef = 97DE5E5428C26E14008AA464 /* Assets.xcassets */; };
		97DE5E5828C26E14008AA464 /* LaunchScreen.storyboard in Resources */ = {isa = PBXBuildFile; fileRef = 97DE5E5628C26E14008AA464 /* LaunchScreen.storyboard */; };
		97DE5E6328C34CEB008AA464 /* CCR - Fortunate Song.mp3 in Resources */ = {isa = PBXBuildFile; fileRef = 97DE5E6028C34CEB008AA464 /* CCR - Fortunate Song.mp3 */; };
		97DE5E6428C34CEB008AA464 /* Eagles - One Of These Nights.mp3 in Resources */ = {isa = PBXBuildFile; fileRef = 97DE5E6128C34CEB008AA464 /* Eagles - One Of These Nights.mp3 */; };
		97DE5E6528C34CEB008AA464 /* Led Zeppelin - Whole Lotta Love.mp3 in Resources */ = {isa = PBXBuildFile; fileRef = 97DE5E6228C34CEB008AA464 /* Led Zeppelin - Whole Lotta Love.mp3 */; };
		97DE5E6728C34DF2008AA464 /* PlayerViewController.swift in Sources */ = {isa = PBXBuildFile; fileRef = 97DE5E6628C34DF2008AA464 /* PlayerViewController.swift */; };
		97DE5E6928C34E06008AA464 /* PlayerViewController.storyboard in Resources */ = {isa = PBXBuildFile; fileRef = 97DE5E6828C34E06008AA464 /* PlayerViewController.storyboard */; };
		97DE5E6C28C34ECD008AA464 /* ViewController.swift in Sources */ = {isa = PBXBuildFile; fileRef = 97DE5E6B28C34ECD008AA464 /* ViewController.swift */; };
		97DE5E7128C4FEE4008AA464 /* MontserratAlternates-Black.ttf in Resources */ = {isa = PBXBuildFile; fileRef = 97DE5E7028C4FEE4008AA464 /* MontserratAlternates-Black.ttf */; };
		97DE5E7328C4FEFA008AA464 /* MontserratAlternates-Light.ttf in Resources */ = {isa = PBXBuildFile; fileRef = 97DE5E7228C4FEFA008AA464 /* MontserratAlternates-Light.ttf */; };
		97DE5E7528C5FCF9008AA464 /* SongCollectionViewCell.swift in Sources */ = {isa = PBXBuildFile; fileRef = 97DE5E7428C5FCF9008AA464 /* SongCollectionViewCell.swift */; };
/* End PBXBuildFile section */

/* Begin PBXFileReference section */
		97DE5E4828C26E12008AA464 /* LocalMusicApp.app */ = {isa = PBXFileReference; explicitFileType = wrapper.application; includeInIndex = 0; path = LocalMusicApp.app; sourceTree = BUILT_PRODUCTS_DIR; };
		97DE5E4B28C26E12008AA464 /* AppDelegate.swift */ = {isa = PBXFileReference; lastKnownFileType = sourcecode.swift; path = AppDelegate.swift; sourceTree = "<group>"; };
		97DE5E4D28C26E12008AA464 /* SceneDelegate.swift */ = {isa = PBXFileReference; lastKnownFileType = sourcecode.swift; path = SceneDelegate.swift; sourceTree = "<group>"; };
		97DE5E5228C26E12008AA464 /* Base */ = {isa = PBXFileReference; lastKnownFileType = file.storyboard; name = Base; path = Base.lproj/Main.storyboard; sourceTree = "<group>"; };
		97DE5E5428C26E14008AA464 /* Assets.xcassets */ = {isa = PBXFileReference; lastKnownFileType = folder.assetcatalog; path = Assets.xcassets; sourceTree = "<group>"; };
		97DE5E5728C26E14008AA464 /* Base */ = {isa = PBXFileReference; lastKnownFileType = file.storyboard; name = Base; path = Base.lproj/LaunchScreen.storyboard; sourceTree = "<group>"; };
		97DE5E5928C26E14008AA464 /* Info.plist */ = {isa = PBXFileReference; lastKnownFileType = text.plist.xml; path = Info.plist; sourceTree = "<group>"; };
		97DE5E6028C34CEB008AA464 /* CCR - Fortunate Song.mp3 */ = {isa = PBXFileReference; lastKnownFileType = audio.mp3; name = "CCR - Fortunate Song.mp3"; path = "../../../../Downloads/CCR - Fortunate Song.mp3"; sourceTree = "<group>"; };
		97DE5E6128C34CEB008AA464 /* Eagles - One Of These Nights.mp3 */ = {isa = PBXFileReference; lastKnownFileType = audio.mp3; name = "Eagles - One Of These Nights.mp3"; path = "../../../../Downloads/Eagles - One Of These Nights.mp3"; sourceTree = "<group>"; };
		97DE5E6228C34CEB008AA464 /* Led Zeppelin - Whole Lotta Love.mp3 */ = {isa = PBXFileReference; lastKnownFileType = audio.mp3; name = "Led Zeppelin - Whole Lotta Love.mp3"; path = "../../../../Downloads/Led Zeppelin - Whole Lotta Love.mp3"; sourceTree = "<group>"; };
		97DE5E6628C34DF2008AA464 /* PlayerViewController.swift */ = {isa = PBXFileReference; lastKnownFileType = sourcecode.swift; path = PlayerViewController.swift; sourceTree = "<group>"; };
		97DE5E6828C34E06008AA464 /* PlayerViewController.storyboard */ = {isa = PBXFileReference; lastKnownFileType = file.storyboard; path = PlayerViewController.storyboard; sourceTree = "<group>"; };
		97DE5E6B28C34ECD008AA464 /* ViewController.swift */ = {isa = PBXFileReference; lastKnownFileType = sourcecode.swift; path = ViewController.swift; sourceTree = "<group>"; };
		97DE5E7028C4FEE4008AA464 /* MontserratAlternates-Black.ttf */ = {isa = PBXFileReference; lastKnownFileType = file; name = "MontserratAlternates-Black.ttf"; path = "../../../../Downloads/Montserrat_Alternates/MontserratAlternates-Black.ttf"; sourceTree = "<group>"; };
		97DE5E7228C4FEFA008AA464 /* MontserratAlternates-Light.ttf */ = {isa = PBXFileReference; lastKnownFileType = file; name = "MontserratAlternates-Light.ttf"; path = "../../../../Downloads/Montserrat_Alternates/MontserratAlternates-Light.ttf"; sourceTree = "<group>"; };
		97DE5E7428C5FCF9008AA464 /* SongCollectionViewCell.swift */ = {isa = PBXFileReference; lastKnownFileType = sourcecode.swift; path = SongCollectionViewCell.swift; sourceTree = "<group>"; };
/* End PBXFileReference section */

/* Begin PBXFrameworksBuildPhase section */
		97DE5E4528C26E12008AA464 /* Frameworks */ = {
			isa = PBXFrameworksBuildPhase;
			buildActionMask = 2147483647;
			files = (
			);
			runOnlyForDeploymentPostprocessing = 0;
		};
/* End PBXFrameworksBuildPhase section */

/* Begin PBXGroup section */
		97DE5E3F28C26E12008AA464 = {
			isa = PBXGroup;
			children = (
				97DE5E4A28C26E12008AA464 /* LocalMusicApp */,
				97DE5E4928C26E12008AA464 /* Products */,
			);
			sourceTree = "<group>";
		};
		97DE5E4928C26E12008AA464 /* Products */ = {
			isa = PBXGroup;
			children = (
				97DE5E4828C26E12008AA464 /* LocalMusicApp.app */,
			);
			name = Products;
			sourceTree = "<group>";
		};
		97DE5E4A28C26E12008AA464 /* LocalMusicApp */ = {
			isa = PBXGroup;
			children = (
				97DE5E4B28C26E12008AA464 /* AppDelegate.swift */,
				97DE5E4D28C26E12008AA464 /* SceneDelegate.swift */,
				97DE5E6B28C34ECD008AA464 /* ViewController.swift */,
				97DE5E5128C26E12008AA464 /* Main.storyboard */,
				97DE5E6A28C34E57008AA464 /* PlayerViewController */,
				97DE5E7428C5FCF9008AA464 /* SongCollectionViewCell.swift */,
				97DE5E5F28C34CCB008AA464 /* Audio */,
				97DE5E6D28C39B8A008AA464 /* Fonts */,
				97DE5E5428C26E14008AA464 /* Assets.xcassets */,
				97DE5E5628C26E14008AA464 /* LaunchScreen.storyboard */,
				97DE5E5928C26E14008AA464 /* Info.plist */,
			);
			path = LocalMusicApp;
			sourceTree = "<group>";
		};
		97DE5E5F28C34CCB008AA464 /* Audio */ = {
			isa = PBXGroup;
			children = (
				97DE5E6028C34CEB008AA464 /* CCR - Fortunate Song.mp3 */,
				97DE5E6128C34CEB008AA464 /* Eagles - One Of These Nights.mp3 */,
				97DE5E6228C34CEB008AA464 /* Led Zeppelin - Whole Lotta Love.mp3 */,
			);
			path = Audio;
			sourceTree = "<group>";
		};
		97DE5E6A28C34E57008AA464 /* PlayerViewController */ = {
			isa = PBXGroup;
			children = (
				97DE5E6628C34DF2008AA464 /* PlayerViewController.swift */,
				97DE5E6828C34E06008AA464 /* PlayerViewController.storyboard */,
			);
			path = PlayerViewController;
			sourceTree = "<group>";
		};
		97DE5E6D28C39B8A008AA464 /* Fonts */ = {
			isa = PBXGroup;
			children = (
				97DE5E7028C4FEE4008AA464 /* MontserratAlternates-Black.ttf */,
				97DE5E7228C4FEFA008AA464 /* MontserratAlternates-Light.ttf */,
			);
			path = Fonts;
			sourceTree = "<group>";
		};
/* End PBXGroup section */

/* Begin PBXNativeTarget section */
		97DE5E4728C26E12008AA464 /* LocalMusicApp */ = {
			isa = PBXNativeTarget;
			buildConfigurationList = 97DE5E5C28C26E14008AA464 /* Build configuration list for PBXNativeTarget "LocalMusicApp" */;
			buildPhases = (
				97DE5E4428C26E12008AA464 /* Sources */,
				97DE5E4528C26E12008AA464 /* Frameworks */,
				97DE5E4628C26E12008AA464 /* Resources */,
			);
			buildRules = (
			);
			dependencies = (
			);
			name = LocalMusicApp;
			productName = LocalMusicApp;
			productReference = 97DE5E4828C26E12008AA464 /* LocalMusicApp.app */;
			productType = "com.apple.product-type.application";
		};
/* End PBXNativeTarget section */

/* Begin PBXProject section */
		97DE5E4028C26E12008AA464 /* Project object */ = {
			isa = PBXProject;
			attributes = {
				BuildIndependentTargetsInParallel = 1;
				LastSwiftUpdateCheck = 1340;
				LastUpgradeCheck = 1340;
				TargetAttributes = {
					97DE5E4728C26E12008AA464 = {
						CreatedOnToolsVersion = 13.4;
					};
				};
			};
			buildConfigurationList = 97DE5E4328C26E12008AA464 /* Build configuration list for PBXProject "LocalMusicApp" */;
			compatibilityVersion = "Xcode 13.0";
			developmentRegion = en;
			hasScannedForEncodings = 0;
			knownRegions = (
				en,
				Base,
			);
			mainGroup = 97DE5E3F28C26E12008AA464;
			productRefGroup = 97DE5E4928C26E12008AA464 /* Products */;
			projectDirPath = "";
			projectRoot = "";
			targets = (
				97DE5E4728C26E12008AA464 /* LocalMusicApp */,
			);
		};
/* End PBXProject section */

/* Begin PBXResourcesBuildPhase section */
		97DE5E4628C26E12008AA464 /* Resources */ = {
			isa = PBXResourcesBuildPhase;
			buildActionMask = 2147483647;
			files = (
				97DE5E6928C34E06008AA464 /* PlayerViewController.storyboard in Resources */,
				97DE5E5828C26E14008AA464 /* LaunchScreen.storyboard in Resources */,
				97DE5E6428C34CEB008AA464 /* Eagles - One Of These Nights.mp3 in Resources */,
				97DE5E7328C4FEFA008AA464 /* MontserratAlternates-Light.ttf in Resources */,
				97DE5E5528C26E14008AA464 /* Assets.xcassets in Resources */,
				97DE5E6328C34CEB008AA464 /* CCR - Fortunate Song.mp3 in Resources */,
				97DE5E7128C4FEE4008AA464 /* MontserratAlternates-Black.ttf in Resources */,
				97DE5E6528C34CEB008AA464 /* Led Zeppelin - Whole Lotta Love.mp3 in Resources */,
				97DE5E5328C26E12008AA464 /* Main.storyboard in Resources */,
			);
			runOnlyForDeploymentPostprocessing = 0;
		};
/* End PBXResourcesBuildPhase section */

/* Begin PBXSourcesBuildPhase section */
		97DE5E4428C26E12008AA464 /* Sources */ = {
			isa = PBXSourcesBuildPhase;
			buildActionMask = 2147483647;
			files = (
				97DE5E6728C34DF2008AA464 /* PlayerViewController.swift in Sources */,
				97DE5E4C28C26E12008AA464 /* AppDelegate.swift in Sources */,
				97DE5E6C28C34ECD008AA464 /* ViewController.swift in Sources */,
				97DE5E7528C5FCF9008AA464 /* SongCollectionViewCell.swift in Sources */,
				97DE5E4E28C26E12008AA464 /* SceneDelegate.swift in Sources */,
			);
			runOnlyForDeploymentPostprocessing = 0;
		};
/* End PBXSourcesBuildPhase section */

/* Begin PBXVariantGroup section */
		97DE5E5128C26E12008AA464 /* Main.storyboard */ = {
			isa = PBXVariantGroup;
			children = (
				97DE5E5228C26E12008AA464 /* Base */,
			);
			name = Main.storyboard;
			sourceTree = "<group>";
		};
		97DE5E5628C26E14008AA464 /* LaunchScreen.storyboard */ = {
			isa = PBXVariantGroup;
			children = (
				97DE5E5728C26E14008AA464 /* Base */,
			);
			name = LaunchScreen.storyboard;
			sourceTree = "<group>";
		};
/* End PBXVariantGroup section */

/* Begin XCBuildConfiguration section */
		97DE5E5A28C26E14008AA464 /* Debug */ = {
			isa = XCBuildConfiguration;
			buildSettings = {
				ALWAYS_SEARCH_USER_PATHS = NO;
				CLANG_ANALYZER_NONNULL = YES;
				CLANG_ANALYZER_NUMBER_OBJECT_CONVERSION = YES_AGGRESSIVE;
				CLANG_CXX_LANGUAGE_STANDARD = "gnu++17";
				CLANG_ENABLE_MODULES = YES;
				CLANG_ENABLE_OBJC_ARC = YES;
				CLANG_ENABLE_OBJC_WEAK = YES;
				CLANG_WARN_BLOCK_CAPTURE_AUTORELEASING = YES;
				CLANG_WARN_BOOL_CONVERSION = YES;
				CLANG_WARN_COMMA = YES;
				CLANG_WARN_CONSTANT_CONVERSION = YES;
				CLANG_WARN_DEPRECATED_OBJC_IMPLEMENTATIONS = YES;
				CLANG_WARN_DIRECT_OBJC_ISA_USAGE = YES_ERROR;
				CLANG_WARN_DOCUMENTATION_COMMENTS = YES;
				CLANG_WARN_EMPTY_BODY = YES;
				CLANG_WARN_ENUM_CONVERSION = YES;
				CLANG_WARN_INFINITE_RECURSION = YES;
				CLANG_WARN_INT_CONVERSION = YES;
				CLANG_WARN_NON_LITERAL_NULL_CONVERSION = YES;
				CLANG_WARN_OBJC_IMPLICIT_RETAIN_SELF = YES;
				CLANG_WARN_OBJC_LITERAL_CONVERSION = YES;
				CLANG_WARN_OBJC_ROOT_CLASS = YES_ERROR;
				CLANG_WARN_QUOTED_INCLUDE_IN_FRAMEWORK_HEADER = YES;
				CLANG_WARN_RANGE_LOOP_ANALYSIS = YES;
				CLANG_WARN_STRICT_PROTOTYPES = YES;
				CLANG_WARN_SUSPICIOUS_MOVE = YES;
				CLANG_WARN_UNGUARDED_AVAILABILITY = YES_AGGRESSIVE;
				CLANG_WARN_UNREACHABLE_CODE = YES;
				CLANG_WARN__DUPLICATE_METHOD_MATCH = YES;
				COPY_PHASE_STRIP = NO;
				DEBUG_INFORMATION_FORMAT = dwarf;
				ENABLE_STRICT_OBJC_MSGSEND = YES;
				ENABLE_TESTABILITY = YES;
				GCC_C_LANGUAGE_STANDARD = gnu11;
				GCC_DYNAMIC_NO_PIC = NO;
				GCC_NO_COMMON_BLOCKS = YES;
				GCC_OPTIMIZATION_LEVEL = 0;
				GCC_PREPROCESSOR_DEFINITIONS = (
					"DEBUG=1",
					"$(inherited)",
				);
				GCC_WARN_64_TO_32_BIT_CONVERSION = YES;
				GCC_WARN_ABOUT_RETURN_TYPE = YES_ERROR;
				GCC_WARN_UNDECLARED_SELECTOR = YES;
				GCC_WARN_UNINITIALIZED_AUTOS = YES_AGGRESSIVE;
				GCC_WARN_UNUSED_FUNCTION = YES;
				GCC_WARN_UNUSED_VARIABLE = YES;
				IPHONEOS_DEPLOYMENT_TARGET = 15.5;
				MTL_ENABLE_DEBUG_INFO = INCLUDE_SOURCE;
				MTL_FAST_MATH = YES;
				ONLY_ACTIVE_ARCH = YES;
				SDKROOT = iphoneos;
				SWIFT_ACTIVE_COMPILATION_CONDITIONS = DEBUG;
				SWIFT_OPTIMIZATION_LEVEL = "-Onone";
			};
			name = Debug;
		};
		97DE5E5B28C26E14008AA464 /* Release */ = {
			isa = XCBuildConfiguration;
			buildSettings = {
				ALWAYS_SEARCH_USER_PATHS = NO;
				CLANG_ANALYZER_NONNULL = YES;
				CLANG_ANALYZER_NUMBER_OBJECT_CONVERSION = YES_AGGRESSIVE;
				CLANG_CXX_LANGUAGE_STANDARD = "gnu++17";
				CLANG_ENABLE_MODULES = YES;
				CLANG_ENABLE_OBJC_ARC = YES;
				CLANG_ENABLE_OBJC_WEAK = YES;
				CLANG_WARN_BLOCK_CAPTURE_AUTORELEASING = YES;
				CLANG_WARN_BOOL_CONVERSION = YES;
				CLANG_WARN_COMMA = YES;
				CLANG_WARN_CONSTANT_CONVERSION = YES;
				CLANG_WARN_DEPRECATED_OBJC_IMPLEMENTATIONS = YES;
				CLANG_WARN_DIRECT_OBJC_ISA_USAGE = YES_ERROR;
				CLANG_WARN_DOCUMENTATION_COMMENTS = YES;
				CLANG_WARN_EMPTY_BODY = YES;
				CLANG_WARN_ENUM_CONVERSION = YES;
				CLANG_WARN_INFINITE_RECURSION = YES;
				CLANG_WARN_INT_CONVERSION = YES;
				CLANG_WARN_NON_LITERAL_NULL_CONVERSION = YES;
				CLANG_WARN_OBJC_IMPLICIT_RETAIN_SELF = YES;
				CLANG_WARN_OBJC_LITERAL_CONVERSION = YES;
				CLANG_WARN_OBJC_ROOT_CLASS = YES_ERROR;
				CLANG_WARN_QUOTED_INCLUDE_IN_FRAMEWORK_HEADER = YES;
				CLANG_WARN_RANGE_LOOP_ANALYSIS = YES;
				CLANG_WARN_STRICT_PROTOTYPES = YES;
				CLANG_WARN_SUSPICIOUS_MOVE = YES;
				CLANG_WARN_UNGUARDED_AVAILABILITY = YES_AGGRESSIVE;
				CLANG_WARN_UNREACHABLE_CODE = YES;
				CLANG_WARN__DUPLICATE_METHOD_MATCH = YES;
				COPY_PHASE_STRIP = NO;
				DEBUG_INFORMATION_FORMAT = "dwarf-with-dsym";
				ENABLE_NS_ASSERTIONS = NO;
				ENABLE_STRICT_OBJC_MSGSEND = YES;
				GCC_C_LANGUAGE_STANDARD = gnu11;
				GCC_NO_COMMON_BLOCKS = YES;
				GCC_WARN_64_TO_32_BIT_CONVERSION = YES;
				GCC_WARN_ABOUT_RETURN_TYPE = YES_ERROR;
				GCC_WARN_UNDECLARED_SELECTOR = YES;
				GCC_WARN_UNINITIALIZED_AUTOS = YES_AGGRESSIVE;
				GCC_WARN_UNUSED_FUNCTION = YES;
				GCC_WARN_UNUSED_VARIABLE = YES;
				IPHONEOS_DEPLOYMENT_TARGET = 15.5;
				MTL_ENABLE_DEBUG_INFO = NO;
				MTL_FAST_MATH = YES;
				SDKROOT = iphoneos;
				SWIFT_COMPILATION_MODE = wholemodule;
				SWIFT_OPTIMIZATION_LEVEL = "-O";
				VALIDATE_PRODUCT = YES;
			};
			name = Release;
		};
		97DE5E5D28C26E14008AA464 /* Debug */ = {
			isa = XCBuildConfiguration;
			buildSettings = {
				ASSETCATALOG_COMPILER_APPICON_NAME = AppIcon;
				ASSETCATALOG_COMPILER_GLOBAL_ACCENT_COLOR_NAME = AccentColor;
				CODE_SIGN_STYLE = Automatic;
				CURRENT_PROJECT_VERSION = 1;
				DEVELOPMENT_TEAM = GV9C732CT5;
				GENERATE_INFOPLIST_FILE = YES;
				INFOPLIST_FILE = LocalMusicApp/Info.plist;
				INFOPLIST_KEY_UIApplicationSupportsIndirectInputEvents = YES;
				INFOPLIST_KEY_UILaunchStoryboardName = LaunchScreen;
				INFOPLIST_KEY_UIMainStoryboardFile = Main;
				INFOPLIST_KEY_UISupportedInterfaceOrientations_iPad = "UIInterfaceOrientationPortrait UIInterfaceOrientationPortraitUpsideDown UIInterfaceOrientationLandscapeLeft UIInterfaceOrientationLandscapeRight";
				INFOPLIST_KEY_UISupportedInterfaceOrientations_iPhone = "UIInterfaceOrientationPortrait UIInterfaceOrientationLandscapeLeft UIInterfaceOrientationLandscapeRight";
				LD_RUNPATH_SEARCH_PATHS = (
					"$(inherited)",
					"@executable_path/Frameworks",
				);
				MARKETING_VERSION = 1.0;
				PRODUCT_BUNDLE_IDENTIFIER = atrapashka.LocalMusicApp;
				PRODUCT_NAME = "$(TARGET_NAME)";
				SWIFT_EMIT_LOC_STRINGS = YES;
				SWIFT_VERSION = 5.0;
				TARGETED_DEVICE_FAMILY = "1,2";
			};
			name = Debug;
		};
		97DE5E5E28C26E14008AA464 /* Release */ = {
			isa = XCBuildConfiguration;
			buildSettings = {
				ASSETCATALOG_COMPILER_APPICON_NAME = AppIcon;
				ASSETCATALOG_COMPILER_GLOBAL_ACCENT_COLOR_NAME = AccentColor;
				CODE_SIGN_STYLE = Automatic;
				CURRENT_PROJECT_VERSION = 1;
				DEVELOPMENT_TEAM = GV9C732CT5;
				GENERATE_INFOPLIST_FILE = YES;
				INFOPLIST_FILE = LocalMusicApp/Info.plist;
				INFOPLIST_KEY_UIApplicationSupportsIndirectInputEvents = YES;
				INFOPLIST_KEY_UILaunchStoryboardName = LaunchScreen;
				INFOPLIST_KEY_UIMainStoryboardFile = Main;
				INFOPLIST_KEY_UISupportedInterfaceOrientations_iPad = "UIInterfaceOrientationPortrait UIInterfaceOrientationPortraitUpsideDown UIInterfaceOrientationLandscapeLeft UIInterfaceOrientationLandscapeRight";
				INFOPLIST_KEY_UISupportedInterfaceOrientations_iPhone = "UIInterfaceOrientationPortrait UIInterfaceOrientationLandscapeLeft UIInterfaceOrientationLandscapeRight";
				LD_RUNPATH_SEARCH_PATHS = (
					"$(inherited)",
					"@executable_path/Frameworks",
				);
				MARKETING_VERSION = 1.0;
				PRODUCT_BUNDLE_IDENTIFIER = atrapashka.LocalMusicApp;
				PRODUCT_NAME = "$(TARGET_NAME)";
				SWIFT_EMIT_LOC_STRINGS = YES;
				SWIFT_VERSION = 5.0;
				TARGETED_DEVICE_FAMILY = "1,2";
			};
			name = Release;
		};
/* End XCBuildConfiguration section */

/* Begin XCConfigurationList section */
		97DE5E4328C26E12008AA464 /* Build configuration list for PBXProject "LocalMusicApp" */ = {
			isa = XCConfigurationList;
			buildConfigurations = (
				97DE5E5A28C26E14008AA464 /* Debug */,
				97DE5E5B28C26E14008AA464 /* Release */,
			);
			defaultConfigurationIsVisible = 0;
			defaultConfigurationName = Release;
		};
		97DE5E5C28C26E14008AA464 /* Build configuration list for PBXNativeTarget "LocalMusicApp" */ = {
			isa = XCConfigurationList;
			buildConfigurations = (
				97DE5E5D28C26E14008AA464 /* Debug */,
				97DE5E5E28C26E14008AA464 /* Release */,
			);
			defaultConfigurationIsVisible = 0;
			defaultConfigurationName = Release;
		};
/* End XCConfigurationList section */
	};
	rootObject = 97DE5E4028C26E12008AA464 /* Project object */;
}
